
Microsoft Visual Studio Solution File, Format Version 12.00
# Visual Studio Version 17
VisualStudioVersion = 17.6.33801.468
MinimumVisualStudioVersion = 10.0.40219.1
Project("{FAE04EC0-301F-11D3-BF4B-00C04F79EFBC}") = "Programa1", "Programa1\Programa1.csproj", "{DD39BFAD-7343-4DA1-8AC6-57B29046009C}"
EndProject
Global
	GlobalSection(SolutionConfigurationPlatforms) = preSolution
		Debug|Any CPU = Debug|Any CPU
		Release|Any CPU = Release|Any CPU
	EndGlobalSection
	GlobalSection(ProjectConfigurationPlatforms) = postSolution
		{DD39BFAD-7343-4DA1-8AC6-57B29046009C}.Debug|Any CPU.ActiveCfg = Debug|Any CPU
		{DD39BFAD-7343-4DA1-8AC6-57B29046009C}.Debug|Any CPU.Build.0 = Debug|Any CPU
		{DD39BFAD-7343-4DA1-8AC6-57B29046009C}.Release|Any CPU.ActiveCfg = Release|Any CPU
		{DD39BFAD-7343-4DA1-8AC6-57B29046009C}.Release|Any CPU.Build.0 = Release|Any CPU
	EndGlobalSection
	GlobalSection(SolutionProperties) = preSolution
		HideSolutionNode = FALSE
	EndGlobalSection
	GlobalSection(ExtensibilityGlobals) = postSolution
		SolutionGuid = {14B19AB9-A61D-4CEF-B71E-58DBC93B96BC}
	EndGlobalSection
EndGlobal
